
Microsoft Visual Studio Solution File, Format Version 12.00
# Visual Studio 15
VisualStudioVersion = 15.0.26430.14
MinimumVisualStudioVersion = 10.0.40219.1
Project("{FAE04EC0-301F-11D3-BF4B-00C04F79EFBC}") = "DemoOfCSharp7", "DemoOfCSharp7\DemoOfCSharp7.csproj", "{B52C3BDE-FF42-4FF7-96E7-F7DAAEAFABEA}"
EndProject
Global
	GlobalSection(SolutionConfigurationPlatforms) = preSolution
		Debug|Any CPU = Debug|Any CPU
		Release|Any CPU = Release|Any CPU
	EndGlobalSection
	GlobalSection(ProjectConfigurationPlatforms) = postSolution
		{B52C3BDE-FF42-4FF7-96E7-F7DAAEAFABEA}.Debug|Any CPU.ActiveCfg = Debug|Any CPU
		{B52C3BDE-FF42-4FF7-96E7-F7DAAEAFABEA}.Debug|Any CPU.Build.0 = Debug|Any CPU
		{B52C3BDE-FF42-4FF7-96E7-F7DAAEAFABEA}.Release|Any CPU.ActiveCfg = Release|Any CPU
		{B52C3BDE-FF42-4FF7-96E7-F7DAAEAFABEA}.Release|Any CPU.Build.0 = Release|Any CPU
	EndGlobalSection
	GlobalSection(SolutionProperties) = preSolution
		HideSolutionNode = FALSE
	EndGlobalSection
EndGlobal
